
Microsoft Visual Studio Solution File, Format Version 12.00
# Visual Studio Version 17
VisualStudioVersion = 17.3.32929.385
MinimumVisualStudioVersion = 10.0.40219.1
Project("{9A19103F-16F7-4668-BE54-9A1E7A4F7556}") = "LightTraveller.Guards", "LightTraveller.Guards\LightTraveller.Guards.csproj", "{2BB1316F-C096-472D-993F-7E5849247CF9}"
EndProject
Project("{9A19103F-16F7-4668-BE54-9A1E7A4F7556}") = "LightTraveller.Guards.UnitTests", "LightTraveller.Guards.UnitTests\LightTraveller.Guards.UnitTests.csproj", "{6A9B8283-DF2F-42CE-9313-90EF9817E937}"
EndProject
Global
	GlobalSection(SolutionConfigurationPlatforms) = preSolution
		Debug|Any CPU = Debug|Any CPU
		Release|Any CPU = Release|Any CPU
	EndGlobalSection
	GlobalSection(ProjectConfigurationPlatforms) = postSolution
		{2BB1316F-C096-472D-993F-7E5849247CF9}.Debug|Any CPU.ActiveCfg = Debug|Any CPU
		{2BB1316F-C096-472D-993F-7E5849247CF9}.Debug|Any CPU.Build.0 = Debug|Any CPU
		{2BB1316F-C096-472D-993F-7E5849247CF9}.Release|Any CPU.ActiveCfg = Release|Any CPU
		{2BB1316F-C096-472D-993F-7E5849247CF9}.Release|Any CPU.Build.0 = Release|Any CPU
		{6A9B8283-DF2F-42CE-9313-90EF9817E937}.Debug|Any CPU.ActiveCfg = Debug|Any CPU
		{6A9B8283-DF2F-42CE-9313-90EF9817E937}.Debug|Any CPU.Build.0 = Debug|Any CPU
		{6A9B8283-DF2F-42CE-9313-90EF9817E937}.Release|Any CPU.ActiveCfg = Release|Any CPU
		{6A9B8283-DF2F-42CE-9313-90EF9817E937}.Release|Any CPU.Build.0 = Release|Any CPU
	EndGlobalSection
	GlobalSection(SolutionProperties) = preSolution
		HideSolutionNode = FALSE
	EndGlobalSection
	GlobalSection(ExtensibilityGlobals) = postSolution
		SolutionGuid = {B74A8B2F-BADB-47C4-9279-D9639AD5FEE0}
	EndGlobalSection
EndGlobal
